
Microsoft Visual Studio Solution File, Format Version 12.00
# Visual Studio Version 17
VisualStudioVersion = 17.0.32112.339
MinimumVisualStudioVersion = 10.0.40219.1
Project("{9A19103F-16F7-4668-BE54-9A1E7A4F7556}") = "01. Smallest of Three Numbers", "01. Smallest of Three Numbers\01. Smallest of Three Numbers.csproj", "{9E8899DC-03AE-4356-917D-381932B03109}"
EndProject
Project("{9A19103F-16F7-4668-BE54-9A1E7A4F7556}") = "06. Middle Characters", "06. Middle Characters\06. Middle Characters.csproj", "{B3F98F9F-DD1C-4727-82FD-C4ADDB046181}"
EndProject
Project("{9A19103F-16F7-4668-BE54-9A1E7A4F7556}") = "02. Vowels Count", "02. Vowels Count\02. Vowels Count.csproj", "{D157A6D1-5ED4-42C8-AC46-4F5FF1EE601B}"
EndProject
Project("{9A19103F-16F7-4668-BE54-9A1E7A4F7556}") = "03. Characters in Range", "03. Characters in Range\03. Characters in Range.csproj", "{9D877AA4-CB37-484D-9344-A5F2805E17B6}"
EndProject
Project("{9A19103F-16F7-4668-BE54-9A1E7A4F7556}") = "04. Password Validator", "04. Password Validator\04. Password Validator.csproj", "{70992AA3-8267-4926-B766-FA4E043135FA}"
EndProject
Project("{9A19103F-16F7-4668-BE54-9A1E7A4F7556}") = "05. Add and Subtract", "05. Add and Subtract\05. Add and Subtract.csproj", "{EB1F21C1-C2C4-40C1-8108-5524F8740B58}"
EndProject
Project("{FAE04EC0-301F-11D3-BF4B-00C04F79EFBC}") = "07. NxN Matrix", "07. NxN Matrix\07. NxN Matrix.csproj", "{359D612B-407C-409D-AA93-BB860910C153}"
EndProject
Project("{FAE04EC0-301F-11D3-BF4B-00C04F79EFBC}") = "08. Factorial Division", "08. Factorial Division\08. Factorial Division.csproj", "{72E46ABD-250D-4DF8-985A-4764298CF083}"
EndProject
Project("{FAE04EC0-301F-11D3-BF4B-00C04F79EFBC}") = "09. Palindrome Integers", "09. Palindrome Integers\09. Palindrome Integers.csproj", "{A0A45253-16FB-47D3-88E4-5ACF687062B6}"
EndProject
Project("{FAE04EC0-301F-11D3-BF4B-00C04F79EFBC}") = "10. Top Number", "10. Top Number\10. Top Number.csproj", "{6316D03C-32E2-44A9-A36E-D00023DA8026}"
EndProject
Project("{FAE04EC0-301F-11D3-BF4B-00C04F79EFBC}") = "11. Array Manipulator", "11. Array Manipulator\11. Array Manipulator.csproj", "{94CE3B60-9541-4303-91C9-3CD674F59F88}"
EndProject
Global
	GlobalSection(SolutionConfigurationPlatforms) = preSolution
		Debug|Any CPU = Debug|Any CPU
		Release|Any CPU = Release|Any CPU
	EndGlobalSection
	GlobalSection(ProjectConfigurationPlatforms) = postSolution
		{9E8899DC-03AE-4356-917D-381932B03109}.Debug|Any CPU.ActiveCfg = Debug|Any CPU
		{9E8899DC-03AE-4356-917D-381932B03109}.Debug|Any CPU.Build.0 = Debug|Any CPU
		{9E8899DC-03AE-4356-917D-381932B03109}.Release|Any CPU.ActiveCfg = Release|Any CPU
		{9E8899DC-03AE-4356-917D-381932B03109}.Release|Any CPU.Build.0 = Release|Any CPU
		{B3F98F9F-DD1C-4727-82FD-C4ADDB046181}.Debug|Any CPU.ActiveCfg = Debug|Any CPU
		{B3F98F9F-DD1C-4727-82FD-C4ADDB046181}.Debug|Any CPU.Build.0 = Debug|Any CPU
		{B3F98F9F-DD1C-4727-82FD-C4ADDB046181}.Release|Any CPU.ActiveCfg = Release|Any CPU
		{B3F98F9F-DD1C-4727-82FD-C4ADDB046181}.Release|Any CPU.Build.0 = Release|Any CPU
		{D157A6D1-5ED4-42C8-AC46-4F5FF1EE601B}.Debug|Any CPU.ActiveCfg = Debug|Any CPU
		{D157A6D1-5ED4-42C8-AC46-4F5FF1EE601B}.Debug|Any CPU.Build.0 = Debug|Any CPU
		{D157A6D1-5ED4-42C8-AC46-4F5FF1EE601B}.Release|Any CPU.ActiveCfg = Release|Any CPU
		{D157A6D1-5ED4-42C8-AC46-4F5FF1EE601B}.Release|Any CPU.Build.0 = Release|Any CPU
		{9D877AA4-CB37-484D-9344-A5F2805E17B6}.Debug|Any CPU.ActiveCfg = Debug|Any CPU
		{9D877AA4-CB37-484D-9344-A5F2805E17B6}.Debug|Any CPU.Build.0 = Debug|Any CPU
		{9D877AA4-CB37-484D-9344-A5F2805E17B6}.Release|Any CPU.ActiveCfg = Release|Any CPU
		{9D877AA4-CB37-484D-9344-A5F2805E17B6}.Release|Any CPU.Build.0 = Release|Any CPU
		{70992AA3-8267-4926-B766-FA4E043135FA}.Debug|Any CPU.ActiveCfg = Debug|Any CPU
		{70992AA3-8267-4926-B766-FA4E043135FA}.Debug|Any CPU.Build.0 = Debug|Any CPU
		{70992AA3-8267-4926-B766-FA4E043135FA}.Release|Any CPU.ActiveCfg = Release|Any CPU
		{70992AA3-8267-4926-B766-FA4E043135FA}.Release|Any CPU.Build.0 = Release|Any CPU
		{EB1F21C1-C2C4-40C1-8108-5524F8740B58}.Debug|Any CPU.ActiveCfg = Debug|Any CPU
		{EB1F21C1-C2C4-40C1-8108-5524F8740B58}.Debug|Any CPU.Build.0 = Debug|Any CPU
		{EB1F21C1-C2C4-40C1-8108-5524F8740B58}.Release|Any CPU.ActiveCfg = Release|Any CPU
		{EB1F21C1-C2C4-40C1-8108-5524F8740B58}.Release|Any CPU.Build.0 = Release|Any CPU
		{359D612B-407C-409D-AA93-BB860910C153}.Debug|Any CPU.ActiveCfg = Debug|Any CPU
		{359D612B-407C-409D-AA93-BB860910C153}.Debug|Any CPU.Build.0 = Debug|Any CPU
		{359D612B-407C-409D-AA93-BB860910C153}.Release|Any CPU.ActiveCfg = Release|Any CPU
		{359D612B-407C-409D-AA93-BB860910C153}.Release|Any CPU.Build.0 = Release|Any CPU
		{72E46ABD-250D-4DF8-985A-4764298CF083}.Debug|Any CPU.ActiveCfg = Debug|Any CPU
		{72E46ABD-250D-4DF8-985A-4764298CF083}.Debug|Any CPU.Build.0 = Debug|Any CPU
		{72E46ABD-250D-4DF8-985A-4764298CF083}.Release|Any CPU.ActiveCfg = Release|Any CPU
		{72E46ABD-250D-4DF8-985A-4764298CF083}.Release|Any CPU.Build.0 = Release|Any CPU
		{A0A45253-16FB-47D3-88E4-5ACF687062B6}.Debug|Any CPU.ActiveCfg = Debug|Any CPU
		{A0A45253-16FB-47D3-88E4-5ACF687062B6}.Debug|Any CPU.Build.0 = Debug|Any CPU
		{A0A45253-16FB-47D3-88E4-5ACF687062B6}.Release|Any CPU.ActiveCfg = Release|Any CPU
		{A0A45253-16FB-47D3-88E4-5ACF687062B6}.Release|Any CPU.Build.0 = Release|Any CPU
		{6316D03C-32E2-44A9-A36E-D00023DA8026}.Debug|Any CPU.ActiveCfg = Debug|Any CPU
		{6316D03C-32E2-44A9-A36E-D00023DA8026}.Debug|Any CPU.Build.0 = Debug|Any CPU
		{6316D03C-32E2-44A9-A36E-D00023DA8026}.Release|Any CPU.ActiveCfg = Release|Any CPU
		{6316D03C-32E2-44A9-A36E-D00023DA8026}.Release|Any CPU.Build.0 = Release|Any CPU
		{94CE3B60-9541-4303-91C9-3CD674F59F88}.Debug|Any CPU.ActiveCfg = Debug|Any CPU
		{94CE3B60-9541-4303-91C9-3CD674F59F88}.Debug|Any CPU.Build.0 = Debug|Any CPU
		{94CE3B60-9541-4303-91C9-3CD674F59F88}.Release|Any CPU.ActiveCfg = Release|Any CPU
		{94CE3B60-9541-4303-91C9-3CD674F59F88}.Release|Any CPU.Build.0 = Release|Any CPU
	EndGlobalSection
	GlobalSection(SolutionProperties) = preSolution
		HideSolutionNode = FALSE
	EndGlobalSection
	GlobalSection(ExtensibilityGlobals) = postSolution
		SolutionGuid = {8AD9EC22-26E5-4122-B173-7EAB003269D9}
	EndGlobalSection
EndGlobal
